// !$*UTF8*$!
{
	archiveVersion = 1;
	classes = {
	};
	objectVersion = 56;
	objects = {

/* Begin PBXBuildFile section */
		362A181C2BDD64E50083C2F2 /* Expenses_Tracker_AppApp.swift in Sources */ = {isa = PBXBuildFile; fileRef = 362A181B2BDD64E50083C2F2 /* Expenses_Tracker_AppApp.swift */; };
		362A181E2BDD64E50083C2F2 /* ContentView.swift in Sources */ = {isa = PBXBuildFile; fileRef = 362A181D2BDD64E50083C2F2 /* ContentView.swift */; };
		362A18202BDD64E60083C2F2 /* Assets.xcassets in Resources */ = {isa = PBXBuildFile; fileRef = 362A181F2BDD64E60083C2F2 /* Assets.xcassets */; };
		362A18232BDD64E60083C2F2 /* Preview Assets.xcassets in Resources */ = {isa = PBXBuildFile; fileRef = 362A18222BDD64E60083C2F2 /* Preview Assets.xcassets */; };
		362A182D2BDD655B0083C2F2 /* Expense.swift in Sources */ = {isa = PBXBuildFile; fileRef = 362A182C2BDD655B0083C2F2 /* Expense.swift */; };
		362A182F2BDD65670083C2F2 /* ExpenseCategoryGroup.swift in Sources */ = {isa = PBXBuildFile; fileRef = 362A182E2BDD65670083C2F2 /* ExpenseCategoryGroup.swift */; };
		362A18312BDD65720083C2F2 /* ExpenseCategoryItem.swift in Sources */ = {isa = PBXBuildFile; fileRef = 362A18302BDD65720083C2F2 /* ExpenseCategoryItem.swift */; };
		362A18332BDD65A10083C2F2 /* HomeView.swift in Sources */ = {isa = PBXBuildFile; fileRef = 362A18322BDD65A10083C2F2 /* HomeView.swift */; };
		362A18352BDD65AF0083C2F2 /* ChartView.swift in Sources */ = {isa = PBXBuildFile; fileRef = 362A18342BDD65AF0083C2F2 /* ChartView.swift */; };
		362A18372BDD65BB0083C2F2 /* CategoryView.swift in Sources */ = {isa = PBXBuildFile; fileRef = 362A18362BDD65BB0083C2F2 /* CategoryView.swift */; };
		362A183C2BDDE4190083C2F2 /* EntryExpenseView.swift in Sources */ = {isa = PBXBuildFile; fileRef = 362A183B2BDDE4190083C2F2 /* EntryExpenseView.swift */; };
		362A183E2BDDE6A50083C2F2 /* AddCategoryView.swift in Sources */ = {isa = PBXBuildFile; fileRef = 362A183D2BDDE6A50083C2F2 /* AddCategoryView.swift */; };
		991507F22BDE158E00391060 /* Date+Extension.swift in Sources */ = {isa = PBXBuildFile; fileRef = 991507F12BDE158E00391060 /* Date+Extension.swift */; };
		991507F42BDE159C00391060 /* Double+Extension.swift in Sources */ = {isa = PBXBuildFile; fileRef = 991507F32BDE159C00391060 /* Double+Extension.swift */; };
/* End PBXBuildFile section */

/* Begin PBXFileReference section */
		362A18182BDD64E50083C2F2 /* Expenses Tracker App.app */ = {isa = PBXFileReference; explicitFileType = wrapper.application; includeInIndex = 0; path = "Expenses Tracker App.app"; sourceTree = BUILT_PRODUCTS_DIR; };
		362A181B2BDD64E50083C2F2 /* Expenses_Tracker_AppApp.swift */ = {isa = PBXFileReference; lastKnownFileType = sourcecode.swift; path = Expenses_Tracker_AppApp.swift; sourceTree = "<group>"; };
		362A181D2BDD64E50083C2F2 /* ContentView.swift */ = {isa = PBXFileReference; lastKnownFileType = sourcecode.swift; path = ContentView.swift; sourceTree = "<group>"; };
		362A181F2BDD64E60083C2F2 /* Assets.xcassets */ = {isa = PBXFileReference; lastKnownFileType = folder.assetcatalog; path = Assets.xcassets; sourceTree = "<group>"; };
		362A18222BDD64E60083C2F2 /* Preview Assets.xcassets */ = {isa = PBXFileReference; lastKnownFileType = folder.assetcatalog; path = "Preview Assets.xcassets"; sourceTree = "<group>"; };
		362A182C2BDD655B0083C2F2 /* Expense.swift */ = {isa = PBXFileReference; lastKnownFileType = sourcecode.swift; path = Expense.swift; sourceTree = "<group>"; };
		362A182E2BDD65670083C2F2 /* ExpenseCategoryGroup.swift */ = {isa = PBXFileReference; lastKnownFileType = sourcecode.swift; path = ExpenseCategoryGroup.swift; sourceTree = "<group>"; };
		362A18302BDD65720083C2F2 /* ExpenseCategoryItem.swift */ = {isa = PBXFileReference; lastKnownFileType = sourcecode.swift; path = ExpenseCategoryItem.swift; sourceTree = "<group>"; };
		362A18322BDD65A10083C2F2 /* HomeView.swift */ = {isa = PBXFileReference; lastKnownFileType = sourcecode.swift; path = HomeView.swift; sourceTree = "<group>"; };
		362A18342BDD65AF0083C2F2 /* ChartView.swift */ = {isa = PBXFileReference; lastKnownFileType = sourcecode.swift; path = ChartView.swift; sourceTree = "<group>"; };
		362A18362BDD65BB0083C2F2 /* CategoryView.swift */ = {isa = PBXFileReference; lastKnownFileType = sourcecode.swift; path = CategoryView.swift; sourceTree = "<group>"; };
		362A183B2BDDE4190083C2F2 /* EntryExpenseView.swift */ = {isa = PBXFileReference; lastKnownFileType = sourcecode.swift; path = EntryExpenseView.swift; sourceTree = "<group>"; };
		362A183D2BDDE6A50083C2F2 /* AddCategoryView.swift */ = {isa = PBXFileReference; lastKnownFileType = sourcecode.swift; path = AddCategoryView.swift; sourceTree = "<group>"; };
		991507F12BDE158E00391060 /* Date+Extension.swift */ = {isa = PBXFileReference; lastKnownFileType = sourcecode.swift; path = "Date+Extension.swift"; sourceTree = "<group>"; };
		991507F32BDE159C00391060 /* Double+Extension.swift */ = {isa = PBXFileReference; lastKnownFileType = sourcecode.swift; path = "Double+Extension.swift"; sourceTree = "<group>"; };
/* End PBXFileReference section */

/* Begin PBXFrameworksBuildPhase section */
		362A18152BDD64E50083C2F2 /* Frameworks */ = {
			isa = PBXFrameworksBuildPhase;
			buildActionMask = 2147483647;
			files = (
			);
			runOnlyForDeploymentPostprocessing = 0;
		};
/* End PBXFrameworksBuildPhase section */

/* Begin PBXGroup section */
		362A180F2BDD64E50083C2F2 = {
			isa = PBXGroup;
			children = (
				362A181A2BDD64E50083C2F2 /* Expenses Tracker App */,
				362A18192BDD64E50083C2F2 /* Products */,
			);
			sourceTree = "<group>";
		};
		362A18192BDD64E50083C2F2 /* Products */ = {
			isa = PBXGroup;
			children = (
				362A18182BDD64E50083C2F2 /* Expenses Tracker App.app */,
			);
			name = Products;
			sourceTree = "<group>";
		};
		362A181A2BDD64E50083C2F2 /* Expenses Tracker App */ = {
			isa = PBXGroup;
			children = (
				991507F02BDE156B00391060 /* Extensions */,
				362A18292BDD64FB0083C2F2 /* App */,
				362A181F2BDD64E60083C2F2 /* Assets.xcassets */,
				362A182B2BDD65500083C2F2 /* Model */,
				362A18212BDD64E60083C2F2 /* Preview Content */,
				362A182A2BDD65030083C2F2 /* View */,
			);
			path = "Expenses Tracker App";
			sourceTree = "<group>";
		};
		362A18212BDD64E60083C2F2 /* Preview Content */ = {
			isa = PBXGroup;
			children = (
				362A18222BDD64E60083C2F2 /* Preview Assets.xcassets */,
			);
			path = "Preview Content";
			sourceTree = "<group>";
		};
		362A18292BDD64FB0083C2F2 /* App */ = {
			isa = PBXGroup;
			children = (
				362A181B2BDD64E50083C2F2 /* Expenses_Tracker_AppApp.swift */,
			);
			path = App;
			sourceTree = "<group>";
		};
		362A182A2BDD65030083C2F2 /* View */ = {
			isa = PBXGroup;
			children = (
				362A183A2BDDE3F00083C2F2 /* Category */,
				362A18392BDDE3E90083C2F2 /* Chart */,
				362A18382BDDE3E30083C2F2 /* Home */,
				362A181D2BDD64E50083C2F2 /* ContentView.swift */,
			);
			path = View;
			sourceTree = "<group>";
		};
		362A182B2BDD65500083C2F2 /* Model */ = {
			isa = PBXGroup;
			children = (
				362A182C2BDD655B0083C2F2 /* Expense.swift */,
				362A182E2BDD65670083C2F2 /* ExpenseCategoryGroup.swift */,
				362A18302BDD65720083C2F2 /* ExpenseCategoryItem.swift */,
			);
			path = Model;
			sourceTree = "<group>";
		};
		362A18382BDDE3E30083C2F2 /* Home */ = {
			isa = PBXGroup;
			children = (
				362A18322BDD65A10083C2F2 /* HomeView.swift */,
				362A183B2BDDE4190083C2F2 /* EntryExpenseView.swift */,
			);
			path = Home;
			sourceTree = "<group>";
		};
		362A18392BDDE3E90083C2F2 /* Chart */ = {
			isa = PBXGroup;
			children = (
				362A18342BDD65AF0083C2F2 /* ChartView.swift */,
			);
			path = Chart;
			sourceTree = "<group>";
		};
		362A183A2BDDE3F00083C2F2 /* Category */ = {
			isa = PBXGroup;
			children = (
				362A18362BDD65BB0083C2F2 /* CategoryView.swift */,
				362A183D2BDDE6A50083C2F2 /* AddCategoryView.swift */,
			);
			path = Category;
			sourceTree = "<group>";
		};
		991507F02BDE156B00391060 /* Extensions */ = {
			isa = PBXGroup;
			children = (
				991507F12BDE158E00391060 /* Date+Extension.swift */,
				991507F32BDE159C00391060 /* Double+Extension.swift */,
			);
			path = Extensions;
			sourceTree = "<group>";
		};
/* End PBXGroup section */

/* Begin PBXNativeTarget section */
		362A18172BDD64E50083C2F2 /* Expenses Tracker App */ = {
			isa = PBXNativeTarget;
			buildConfigurationList = 362A18262BDD64E60083C2F2 /* Build configuration list for PBXNativeTarget "Expenses Tracker App" */;
			buildPhases = (
				362A18142BDD64E50083C2F2 /* Sources */,
				362A18152BDD64E50083C2F2 /* Frameworks */,
				362A18162BDD64E50083C2F2 /* Resources */,
			);
			buildRules = (
			);
			dependencies = (
			);
			name = "Expenses Tracker App";
			productName = "Expenses Tracker App";
			productReference = 362A18182BDD64E50083C2F2 /* Expenses Tracker App.app */;
			productType = "com.apple.product-type.application";
		};
/* End PBXNativeTarget section */

/* Begin PBXProject section */
		362A18102BDD64E50083C2F2 /* Project object */ = {
			isa = PBXProject;
			attributes = {
				BuildIndependentTargetsInParallel = 1;
				LastSwiftUpdateCheck = 1520;
				LastUpgradeCheck = 1520;
				TargetAttributes = {
					362A18172BDD64E50083C2F2 = {
						CreatedOnToolsVersion = 15.2;
					};
				};
			};
			buildConfigurationList = 362A18132BDD64E50083C2F2 /* Build configuration list for PBXProject "Expenses Tracker App" */;
			compatibilityVersion = "Xcode 14.0";
			developmentRegion = en;
			hasScannedForEncodings = 0;
			knownRegions = (
				en,
				Base,
			);
			mainGroup = 362A180F2BDD64E50083C2F2;
			productRefGroup = 362A18192BDD64E50083C2F2 /* Products */;
			projectDirPath = "";
			projectRoot = "";
			targets = (
				362A18172BDD64E50083C2F2 /* Expenses Tracker App */,
			);
		};
/* End PBXProject section */

/* Begin PBXResourcesBuildPhase section */
		362A18162BDD64E50083C2F2 /* Resources */ = {
			isa = PBXResourcesBuildPhase;
			buildActionMask = 2147483647;
			files = (
				362A18232BDD64E60083C2F2 /* Preview Assets.xcassets in Resources */,
				362A18202BDD64E60083C2F2 /* Assets.xcassets in Resources */,
			);
			runOnlyForDeploymentPostprocessing = 0;
		};
/* End PBXResourcesBuildPhase section */

/* Begin PBXSourcesBuildPhase section */
		362A18142BDD64E50083C2F2 /* Sources */ = {
			isa = PBXSourcesBuildPhase;
			buildActionMask = 2147483647;
			files = (
				362A182F2BDD65670083C2F2 /* ExpenseCategoryGroup.swift in Sources */,
				991507F22BDE158E00391060 /* Date+Extension.swift in Sources */,
				362A182D2BDD655B0083C2F2 /* Expense.swift in Sources */,
				362A181E2BDD64E50083C2F2 /* ContentView.swift in Sources */,
				362A183C2BDDE4190083C2F2 /* EntryExpenseView.swift in Sources */,
				362A18352BDD65AF0083C2F2 /* ChartView.swift in Sources */,
				362A18332BDD65A10083C2F2 /* HomeView.swift in Sources */,
				362A18312BDD65720083C2F2 /* ExpenseCategoryItem.swift in Sources */,
				991507F42BDE159C00391060 /* Double+Extension.swift in Sources */,
				362A18372BDD65BB0083C2F2 /* CategoryView.swift in Sources */,
				362A183E2BDDE6A50083C2F2 /* AddCategoryView.swift in Sources */,
				362A181C2BDD64E50083C2F2 /* Expenses_Tracker_AppApp.swift in Sources */,
			);
			runOnlyForDeploymentPostprocessing = 0;
		};
/* End PBXSourcesBuildPhase section */

/* Begin XCBuildConfiguration section */
		362A18242BDD64E60083C2F2 /* Debug */ = {
			isa = XCBuildConfiguration;
			buildSettings = {
				ALWAYS_SEARCH_USER_PATHS = NO;
				ASSETCATALOG_COMPILER_GENERATE_SWIFT_ASSET_SYMBOL_EXTENSIONS = YES;
				CLANG_ANALYZER_NONNULL = YES;
				CLANG_ANALYZER_NUMBER_OBJECT_CONVERSION = YES_AGGRESSIVE;
				CLANG_CXX_LANGUAGE_STANDARD = "gnu++20";
				CLANG_ENABLE_MODULES = YES;
				CLANG_ENABLE_OBJC_ARC = YES;
				CLANG_ENABLE_OBJC_WEAK = YES;
				CLANG_WARN_BLOCK_CAPTURE_AUTORELEASING = YES;
				CLANG_WARN_BOOL_CONVERSION = YES;
				CLANG_WARN_COMMA = YES;
				CLANG_WARN_CONSTANT_CONVERSION = YES;
				CLANG_WARN_DEPRECATED_OBJC_IMPLEMENTATIONS = YES;
				CLANG_WARN_DIRECT_OBJC_ISA_USAGE = YES_ERROR;
				CLANG_WARN_DOCUMENTATION_COMMENTS = YES;
				CLANG_WARN_EMPTY_BODY = YES;
				CLANG_WARN_ENUM_CONVERSION = YES;
				CLANG_WARN_INFINITE_RECURSION = YES;
				CLANG_WARN_INT_CONVERSION = YES;
				CLANG_WARN_NON_LITERAL_NULL_CONVERSION = YES;
				CLANG_WARN_OBJC_IMPLICIT_RETAIN_SELF = YES;
				CLANG_WARN_OBJC_LITERAL_CONVERSION = YES;
				CLANG_WARN_OBJC_ROOT_CLASS = YES_ERROR;
				CLANG_WARN_QUOTED_INCLUDE_IN_FRAMEWORK_HEADER = YES;
				CLANG_WARN_RANGE_LOOP_ANALYSIS = YES;
				CLANG_WARN_STRICT_PROTOTYPES = YES;
				CLANG_WARN_SUSPICIOUS_MOVE = YES;
				CLANG_WARN_UNGUARDED_AVAILABILITY = YES_AGGRESSIVE;
				CLANG_WARN_UNREACHABLE_CODE = YES;
				CLANG_WARN__DUPLICATE_METHOD_MATCH = YES;
				COPY_PHASE_STRIP = NO;
				DEBUG_INFORMATION_FORMAT = dwarf;
				ENABLE_STRICT_OBJC_MSGSEND = YES;
				ENABLE_TESTABILITY = YES;
				ENABLE_USER_SCRIPT_SANDBOXING = YES;
				GCC_C_LANGUAGE_STANDARD = gnu17;
				GCC_DYNAMIC_NO_PIC = NO;
				GCC_NO_COMMON_BLOCKS = YES;
				GCC_OPTIMIZATION_LEVEL = 0;
				GCC_PREPROCESSOR_DEFINITIONS = (
					"DEBUG=1",
					"$(inherited)",
				);
				GCC_WARN_64_TO_32_BIT_CONVERSION = YES;
				GCC_WARN_ABOUT_RETURN_TYPE = YES_ERROR;
				GCC_WARN_UNDECLARED_SELECTOR = YES;
				GCC_WARN_UNINITIALIZED_AUTOS = YES_AGGRESSIVE;
				GCC_WARN_UNUSED_FUNCTION = YES;
				GCC_WARN_UNUSED_VARIABLE = YES;
				IPHONEOS_DEPLOYMENT_TARGET = 17.2;
				LOCALIZATION_PREFERS_STRING_CATALOGS = YES;
				MTL_ENABLE_DEBUG_INFO = INCLUDE_SOURCE;
				MTL_FAST_MATH = YES;
				ONLY_ACTIVE_ARCH = YES;
				SDKROOT = iphoneos;
				SWIFT_ACTIVE_COMPILATION_CONDITIONS = "DEBUG $(inherited)";
				SWIFT_OPTIMIZATION_LEVEL = "-Onone";
			};
			name = Debug;
		};
		362A18252BDD64E60083C2F2 /* Release */ = {
			isa = XCBuildConfiguration;
			buildSettings = {
				ALWAYS_SEARCH_USER_PATHS = NO;
				ASSETCATALOG_COMPILER_GENERATE_SWIFT_ASSET_SYMBOL_EXTENSIONS = YES;
				CLANG_ANALYZER_NONNULL = YES;
				CLANG_ANALYZER_NUMBER_OBJECT_CONVERSION = YES_AGGRESSIVE;
				CLANG_CXX_LANGUAGE_STANDARD = "gnu++20";
				CLANG_ENABLE_MODULES = YES;
				CLANG_ENABLE_OBJC_ARC = YES;
				CLANG_ENABLE_OBJC_WEAK = YES;
				CLANG_WARN_BLOCK_CAPTURE_AUTORELEASING = YES;
				CLANG_WARN_BOOL_CONVERSION = YES;
				CLANG_WARN_COMMA = YES;
				CLANG_WARN_CONSTANT_CONVERSION = YES;
				CLANG_WARN_DEPRECATED_OBJC_IMPLEMENTATIONS = YES;
				CLANG_WARN_DIRECT_OBJC_ISA_USAGE = YES_ERROR;
				CLANG_WARN_DOCUMENTATION_COMMENTS = YES;
				CLANG_WARN_EMPTY_BODY = YES;
				CLANG_WARN_ENUM_CONVERSION = YES;
				CLANG_WARN_INFINITE_RECURSION = YES;
				CLANG_WARN_INT_CONVERSION = YES;
				CLANG_WARN_NON_LITERAL_NULL_CONVERSION = YES;
				CLANG_WARN_OBJC_IMPLICIT_RETAIN_SELF = YES;
				CLANG_WARN_OBJC_LITERAL_CONVERSION = YES;
				CLANG_WARN_OBJC_ROOT_CLASS = YES_ERROR;
				CLANG_WARN_QUOTED_INCLUDE_IN_FRAMEWORK_HEADER = YES;
				CLANG_WARN_RANGE_LOOP_ANALYSIS = YES;
				CLANG_WARN_STRICT_PROTOTYPES = YES;
				CLANG_WARN_SUSPICIOUS_MOVE = YES;
				CLANG_WARN_UNGUARDED_AVAILABILITY = YES_AGGRESSIVE;
				CLANG_WARN_UNREACHABLE_CODE = YES;
				CLANG_WARN__DUPLICATE_METHOD_MATCH = YES;
				COPY_PHASE_STRIP = NO;
				DEBUG_INFORMATION_FORMAT = "dwarf-with-dsym";
				ENABLE_NS_ASSERTIONS = NO;
				ENABLE_STRICT_OBJC_MSGSEND = YES;
				ENABLE_USER_SCRIPT_SANDBOXING = YES;
				GCC_C_LANGUAGE_STANDARD = gnu17;
				GCC_NO_COMMON_BLOCKS = YES;
				GCC_WARN_64_TO_32_BIT_CONVERSION = YES;
				GCC_WARN_ABOUT_RETURN_TYPE = YES_ERROR;
				GCC_WARN_UNDECLARED_SELECTOR = YES;
				GCC_WARN_UNINITIALIZED_AUTOS = YES_AGGRESSIVE;
				GCC_WARN_UNUSED_FUNCTION = YES;
				GCC_WARN_UNUSED_VARIABLE = YES;
				IPHONEOS_DEPLOYMENT_TARGET = 17.2;
				LOCALIZATION_PREFERS_STRING_CATALOGS = YES;
				MTL_ENABLE_DEBUG_INFO = NO;
				MTL_FAST_MATH = YES;
				SDKROOT = iphoneos;
				SWIFT_COMPILATION_MODE = wholemodule;
				VALIDATE_PRODUCT = YES;
			};
			name = Release;
		};
		362A18272BDD64E60083C2F2 /* Debug */ = {
			isa = XCBuildConfiguration;
			buildSettings = {
				ASSETCATALOG_COMPILER_APPICON_NAME = AppIcon;
				ASSETCATALOG_COMPILER_GLOBAL_ACCENT_COLOR_NAME = AccentColor;
				CODE_SIGN_STYLE = Automatic;
				CURRENT_PROJECT_VERSION = 1;
				DEVELOPMENT_ASSET_PATHS = "\"Expenses Tracker App/Preview Content\"";
				DEVELOPMENT_TEAM = 73TW42T8UJ;
				ENABLE_PREVIEWS = YES;
				GENERATE_INFOPLIST_FILE = YES;
				INFOPLIST_KEY_UIApplicationSceneManifest_Generation = YES;
				INFOPLIST_KEY_UIApplicationSupportsIndirectInputEvents = YES;
				INFOPLIST_KEY_UILaunchScreen_Generation = YES;
				INFOPLIST_KEY_UISupportedInterfaceOrientations_iPad = "UIInterfaceOrientationPortrait UIInterfaceOrientationPortraitUpsideDown UIInterfaceOrientationLandscapeLeft UIInterfaceOrientationLandscapeRight";
				INFOPLIST_KEY_UISupportedInterfaceOrientations_iPhone = "UIInterfaceOrientationPortrait UIInterfaceOrientationLandscapeLeft UIInterfaceOrientationLandscapeRight";
				LD_RUNPATH_SEARCH_PATHS = (
					"$(inherited)",
					"@executable_path/Frameworks",
				);
				MARKETING_VERSION = 1.0;
				PRODUCT_BUNDLE_IDENTIFIER = "hilman.com.Expenses-Tracker-App";
				PRODUCT_NAME = "$(TARGET_NAME)";
				SWIFT_EMIT_LOC_STRINGS = YES;
				SWIFT_VERSION = 5.0;
				TARGETED_DEVICE_FAMILY = "1,2";
			};
			name = Debug;
		};
		362A18282BDD64E60083C2F2 /* Release */ = {
			isa = XCBuildConfiguration;
			buildSettings = {
				ASSETCATALOG_COMPILER_APPICON_NAME = AppIcon;
				ASSETCATALOG_COMPILER_GLOBAL_ACCENT_COLOR_NAME = AccentColor;
				CODE_SIGN_STYLE = Automatic;
				CURRENT_PROJECT_VERSION = 1;
				DEVELOPMENT_ASSET_PATHS = "\"Expenses Tracker App/Preview Content\"";
				DEVELOPMENT_TEAM = 73TW42T8UJ;
				ENABLE_PREVIEWS = YES;
				GENERATE_INFOPLIST_FILE = YES;
				INFOPLIST_KEY_UIApplicationSceneManifest_Generation = YES;
				INFOPLIST_KEY_UIApplicationSupportsIndirectInputEvents = YES;
				INFOPLIST_KEY_UILaunchScreen_Generation = YES;
				INFOPLIST_KEY_UISupportedInterfaceOrientations_iPad = "UIInterfaceOrientationPortrait UIInterfaceOrientationPortraitUpsideDown UIInterfaceOrientationLandscapeLeft UIInterfaceOrientationLandscapeRight";
				INFOPLIST_KEY_UISupportedInterfaceOrientations_iPhone = "UIInterfaceOrientationPortrait UIInterfaceOrientationLandscapeLeft UIInterfaceOrientationLandscapeRight";
				LD_RUNPATH_SEARCH_PATHS = (
					"$(inherited)",
					"@executable_path/Frameworks",
				);
				MARKETING_VERSION = 1.0;
				PRODUCT_BUNDLE_IDENTIFIER = "hilman.com.Expenses-Tracker-App";
				PRODUCT_NAME = "$(TARGET_NAME)";
				SWIFT_EMIT_LOC_STRINGS = YES;
				SWIFT_VERSION = 5.0;
				TARGETED_DEVICE_FAMILY = "1,2";
			};
			name = Release;
		};
/* End XCBuildConfiguration section */

/* Begin XCConfigurationList section */
		362A18132BDD64E50083C2F2 /* Build configuration list for PBXProject "Expenses Tracker App" */ = {
			isa = XCConfigurationList;
			buildConfigurations = (
				362A18242BDD64E60083C2F2 /* Debug */,
				362A18252BDD64E60083C2F2 /* Release */,
			);
			defaultConfigurationIsVisible = 0;
			defaultConfigurationName = Release;
		};
		362A18262BDD64E60083C2F2 /* Build configuration list for PBXNativeTarget "Expenses Tracker App" */ = {
			isa = XCConfigurationList;
			buildConfigurations = (
				362A18272BDD64E60083C2F2 /* Debug */,
				362A18282BDD64E60083C2F2 /* Release */,
			);
			defaultConfigurationIsVisible = 0;
			defaultConfigurationName = Release;
		};
/* End XCConfigurationList section */
	};
	rootObject = 362A18102BDD64E50083C2F2 /* Project object */;
}
